
Microsoft Visual Studio Solution File, Format Version 12.00
# Visual Studio 15
VisualStudioVersion = 15.0.27428.2002
MinimumVisualStudioVersion = 10.0.40219.1
Project("{FAE04EC0-301F-11D3-BF4B-00C04F79EFBC}") = "ExcelTool", "ExcelTool\ExcelTool.csproj", "{5738356A-D0C5-4FB0-AC69-FE5AFB870124}"
EndProject
Global
	GlobalSection(SolutionConfigurationPlatforms) = preSolution
		Debug|Any CPU = Debug|Any CPU
		Release|Any CPU = Release|Any CPU
	EndGlobalSection
	GlobalSection(ProjectConfigurationPlatforms) = postSolution
		{5738356A-D0C5-4FB0-AC69-FE5AFB870124}.Debug|Any CPU.ActiveCfg = Debug|Any CPU
		{5738356A-D0C5-4FB0-AC69-FE5AFB870124}.Debug|Any CPU.Build.0 = Debug|Any CPU
		{5738356A-D0C5-4FB0-AC69-FE5AFB870124}.Release|Any CPU.ActiveCfg = Release|Any CPU
		{5738356A-D0C5-4FB0-AC69-FE5AFB870124}.Release|Any CPU.Build.0 = Release|Any CPU
	EndGlobalSection
	GlobalSection(SolutionProperties) = preSolution
		HideSolutionNode = FALSE
	EndGlobalSection
	GlobalSection(ExtensibilityGlobals) = postSolution
		SolutionGuid = {CD42B00C-6220-45C6-A6EB-A207539CFE4D}
	EndGlobalSection
EndGlobal
