
Microsoft Visual Studio Solution File, Format Version 12.00
# Visual Studio 15
VisualStudioVersion = 15.0.28307.421
MinimumVisualStudioVersion = 10.0.40219.1
Project("{FAE04EC0-301F-11D3-BF4B-00C04F79EFBC}") = "FileOperator", "FileOperator\FileOperator.csproj", "{771DC23A-2F67-4D0A-976E-7BE6BA9FC9A4}"
EndProject
Global
	GlobalSection(SolutionConfigurationPlatforms) = preSolution
		Debug|Any CPU = Debug|Any CPU
		Release|Any CPU = Release|Any CPU
	EndGlobalSection
	GlobalSection(ProjectConfigurationPlatforms) = postSolution
		{771DC23A-2F67-4D0A-976E-7BE6BA9FC9A4}.Debug|Any CPU.ActiveCfg = Debug|Any CPU
		{771DC23A-2F67-4D0A-976E-7BE6BA9FC9A4}.Debug|Any CPU.Build.0 = Debug|Any CPU
		{771DC23A-2F67-4D0A-976E-7BE6BA9FC9A4}.Release|Any CPU.ActiveCfg = Release|Any CPU
		{771DC23A-2F67-4D0A-976E-7BE6BA9FC9A4}.Release|Any CPU.Build.0 = Release|Any CPU
	EndGlobalSection
	GlobalSection(SolutionProperties) = preSolution
		HideSolutionNode = FALSE
	EndGlobalSection
	GlobalSection(ExtensibilityGlobals) = postSolution
		SolutionGuid = {C9D1AF15-3B1E-40F8-99C7-218690FBC2E9}
	EndGlobalSection
EndGlobal
